// !$*UTF8*$!
{
	archiveVersion = 1;
	classes = {
	};
	objectVersion = 48;
	objects = {

/* Begin PBXBuildFile section */
		9332B7B220123D54000CD010 /* platform.png in Resources */ = {isa = PBXBuildFile; fileRef = 9332B7B120123D54000CD010 /* platform.png */; };
		93560A10200E506A00D446D3 /* AppDelegate.swift in Sources */ = {isa = PBXBuildFile; fileRef = 93560A0F200E506A00D446D3 /* AppDelegate.swift */; };
		93560A16200E506A00D446D3 /* GameScene.swift in Sources */ = {isa = PBXBuildFile; fileRef = 93560A15200E506A00D446D3 /* GameScene.swift */; };
		93560A18200E506A00D446D3 /* GameViewController.swift in Sources */ = {isa = PBXBuildFile; fileRef = 93560A17200E506A00D446D3 /* GameViewController.swift */; };
		93560A1B200E506A00D446D3 /* Main.storyboard in Resources */ = {isa = PBXBuildFile; fileRef = 93560A19200E506A00D446D3 /* Main.storyboard */; };
		93560A1D200E506A00D446D3 /* Assets.xcassets in Resources */ = {isa = PBXBuildFile; fileRef = 93560A1C200E506A00D446D3 /* Assets.xcassets */; };
		93560A20200E506A00D446D3 /* LaunchScreen.storyboard in Resources */ = {isa = PBXBuildFile; fileRef = 93560A1E200E506A00D446D3 /* LaunchScreen.storyboard */; };
		93560A28200E545800D446D3 /* ScrollView.swift in Sources */ = {isa = PBXBuildFile; fileRef = 93560A27200E545800D446D3 /* ScrollView.swift */; };
		93C7C7AC2014ED2C00EB934C /* GrassSprite.swift in Sources */ = {isa = PBXBuildFile; fileRef = 93C7C7AB2014ED2C00EB934C /* GrassSprite.swift */; };
		93C7C7AE2014ED5500EB934C /* grass.png in Resources */ = {isa = PBXBuildFile; fileRef = 93C7C7AD2014ED5500EB934C /* grass.png */; };
		93CFCD2B200F4EF000FA1D71 /* banana.png in Resources */ = {isa = PBXBuildFile; fileRef = 93CFCD2A200F4EF000FA1D71 /* banana.png */; };
		93CFCD2D200F568600FA1D71 /* PrepareVerticalScrolling.swift in Sources */ = {isa = PBXBuildFile; fileRef = 93CFCD2C200F568600FA1D71 /* PrepareVerticalScrolling.swift */; };
		93CFCD30200F56F800FA1D71 /* PrepareHorizontalScrolling.swift in Sources */ = {isa = PBXBuildFile; fileRef = 93CFCD2F200F56F800FA1D71 /* PrepareHorizontalScrolling.swift */; };
		93CFCD32200F9A0A00FA1D71 /* BananaSprite.swift in Sources */ = {isa = PBXBuildFile; fileRef = 93CFCD31200F9A0A00FA1D71 /* BananaSprite.swift */; };
		93ED56EA20122C5200B608B9 /* PlatformSprite.swift in Sources */ = {isa = PBXBuildFile; fileRef = 93ED56E920122C5200B608B9 /* PlatformSprite.swift */; };
/* End PBXBuildFile section */

/* Begin PBXFileReference section */
		9332B7B120123D54000CD010 /* platform.png */ = {isa = PBXFileReference; lastKnownFileType = image.png; path = platform.png; sourceTree = "<group>"; };
		93560A0C200E506A00D446D3 /* FirstFlight.app */ = {isa = PBXFileReference; explicitFileType = wrapper.application; includeInIndex = 0; path = FirstFlight.app; sourceTree = BUILT_PRODUCTS_DIR; };
		93560A0F200E506A00D446D3 /* AppDelegate.swift */ = {isa = PBXFileReference; lastKnownFileType = sourcecode.swift; path = AppDelegate.swift; sourceTree = "<group>"; };
		93560A15200E506A00D446D3 /* GameScene.swift */ = {isa = PBXFileReference; lastKnownFileType = sourcecode.swift; path = GameScene.swift; sourceTree = "<group>"; };
		93560A17200E506A00D446D3 /* GameViewController.swift */ = {isa = PBXFileReference; lastKnownFileType = sourcecode.swift; path = GameViewController.swift; sourceTree = "<group>"; };
		93560A1A200E506A00D446D3 /* Base */ = {isa = PBXFileReference; lastKnownFileType = file.storyboard; name = Base; path = Base.lproj/Main.storyboard; sourceTree = "<group>"; };
		93560A1C200E506A00D446D3 /* Assets.xcassets */ = {isa = PBXFileReference; lastKnownFileType = folder.assetcatalog; path = Assets.xcassets; sourceTree = "<group>"; };
		93560A1F200E506A00D446D3 /* Base */ = {isa = PBXFileReference; lastKnownFileType = file.storyboard; name = Base; path = Base.lproj/LaunchScreen.storyboard; sourceTree = "<group>"; };
		93560A21200E506A00D446D3 /* Info.plist */ = {isa = PBXFileReference; lastKnownFileType = text.plist.xml; path = Info.plist; sourceTree = "<group>"; };
		93560A27200E545800D446D3 /* ScrollView.swift */ = {isa = PBXFileReference; lastKnownFileType = sourcecode.swift; path = ScrollView.swift; sourceTree = "<group>"; };
		93C7C7AB2014ED2C00EB934C /* GrassSprite.swift */ = {isa = PBXFileReference; lastKnownFileType = sourcecode.swift; path = GrassSprite.swift; sourceTree = "<group>"; };
		93C7C7AD2014ED5500EB934C /* grass.png */ = {isa = PBXFileReference; lastKnownFileType = image.png; path = grass.png; sourceTree = "<group>"; };
		93CFCD2A200F4EF000FA1D71 /* banana.png */ = {isa = PBXFileReference; lastKnownFileType = image.png; path = banana.png; sourceTree = "<group>"; };
		93CFCD2C200F568600FA1D71 /* PrepareVerticalScrolling.swift */ = {isa = PBXFileReference; lastKnownFileType = sourcecode.swift; path = PrepareVerticalScrolling.swift; sourceTree = "<group>"; };
		93CFCD2F200F56F800FA1D71 /* PrepareHorizontalScrolling.swift */ = {isa = PBXFileReference; lastKnownFileType = sourcecode.swift; path = PrepareHorizontalScrolling.swift; sourceTree = "<group>"; };
		93CFCD31200F9A0A00FA1D71 /* BananaSprite.swift */ = {isa = PBXFileReference; lastKnownFileType = sourcecode.swift; path = BananaSprite.swift; sourceTree = "<group>"; };
		93ED56E920122C5200B608B9 /* PlatformSprite.swift */ = {isa = PBXFileReference; lastKnownFileType = sourcecode.swift; path = PlatformSprite.swift; sourceTree = "<group>"; };
/* End PBXFileReference section */

/* Begin PBXFrameworksBuildPhase section */
		93560A09200E506A00D446D3 /* Frameworks */ = {
			isa = PBXFrameworksBuildPhase;
			buildActionMask = 2147483647;
			files = (
			);
			runOnlyForDeploymentPostprocessing = 0;
		};
/* End PBXFrameworksBuildPhase section */

/* Begin PBXGroup section */
		93560A03200E506A00D446D3 = {
			isa = PBXGroup;
			children = (
				93560A0E200E506A00D446D3 /* FirstFlight */,
				93560A0D200E506A00D446D3 /* Products */,
			);
			sourceTree = "<group>";
		};
		93560A0D200E506A00D446D3 /* Products */ = {
			isa = PBXGroup;
			children = (
				93560A0C200E506A00D446D3 /* FirstFlight.app */,
			);
			name = Products;
			sourceTree = "<group>";
		};
		93560A0E200E506A00D446D3 /* FirstFlight */ = {
			isa = PBXGroup;
			children = (
				93560A0F200E506A00D446D3 /* AppDelegate.swift */,
				93560A15200E506A00D446D3 /* GameScene.swift */,
				93CFCD33200F9A8500FA1D71 /* Sprites */,
				93CFCD2E200F569300FA1D71 /* ScrollView */,
				93560A17200E506A00D446D3 /* GameViewController.swift */,
				93560A19200E506A00D446D3 /* Main.storyboard */,
				93560A1C200E506A00D446D3 /* Assets.xcassets */,
				93CFCD2A200F4EF000FA1D71 /* banana.png */,
				9332B7B120123D54000CD010 /* platform.png */,
				93C7C7AD2014ED5500EB934C /* grass.png */,
				93560A1E200E506A00D446D3 /* LaunchScreen.storyboard */,
				93560A21200E506A00D446D3 /* Info.plist */,
			);
			path = FirstFlight;
			sourceTree = "<group>";
		};
		93CFCD2E200F569300FA1D71 /* ScrollView */ = {
			isa = PBXGroup;
			children = (
				93560A27200E545800D446D3 /* ScrollView.swift */,
				93CFCD2C200F568600FA1D71 /* PrepareVerticalScrolling.swift */,
				93CFCD2F200F56F800FA1D71 /* PrepareHorizontalScrolling.swift */,
			);
			path = ScrollView;
			sourceTree = "<group>";
		};
		93CFCD33200F9A8500FA1D71 /* Sprites */ = {
			isa = PBXGroup;
			children = (
				93CFCD31200F9A0A00FA1D71 /* BananaSprite.swift */,
				93ED56E920122C5200B608B9 /* PlatformSprite.swift */,
				93C7C7AB2014ED2C00EB934C /* GrassSprite.swift */,
			);
			path = Sprites;
			sourceTree = "<group>";
		};
/* End PBXGroup section */

/* Begin PBXNativeTarget section */
		93560A0B200E506A00D446D3 /* FirstFlight */ = {
			isa = PBXNativeTarget;
			buildConfigurationList = 93560A24200E506A00D446D3 /* Build configuration list for PBXNativeTarget "FirstFlight" */;
			buildPhases = (
				93560A08200E506A00D446D3 /* Sources */,
				93560A09200E506A00D446D3 /* Frameworks */,
				93560A0A200E506A00D446D3 /* Resources */,
			);
			buildRules = (
			);
			dependencies = (
			);
			name = FirstFlight;
			productName = FirstFlight;
			productReference = 93560A0C200E506A00D446D3 /* FirstFlight.app */;
			productType = "com.apple.product-type.application";
		};
/* End PBXNativeTarget section */

/* Begin PBXProject section */
		93560A04200E506A00D446D3 /* Project object */ = {
			isa = PBXProject;
			attributes = {
				LastSwiftUpdateCheck = 0920;
				LastUpgradeCheck = 0920;
				ORGANIZATIONNAME = "Tørk Egeberg";
				TargetAttributes = {
					93560A0B200E506A00D446D3 = {
						CreatedOnToolsVersion = 9.2;
						ProvisioningStyle = Automatic;
					};
				};
			};
			buildConfigurationList = 93560A07200E506A00D446D3 /* Build configuration list for PBXProject "FirstFlight" */;
			compatibilityVersion = "Xcode 8.0";
			developmentRegion = en;
			hasScannedForEncodings = 0;
			knownRegions = (
				en,
				Base,
			);
			mainGroup = 93560A03200E506A00D446D3;
			productRefGroup = 93560A0D200E506A00D446D3 /* Products */;
			projectDirPath = "";
			projectRoot = "";
			targets = (
				93560A0B200E506A00D446D3 /* FirstFlight */,
			);
		};
/* End PBXProject section */

/* Begin PBXResourcesBuildPhase section */
		93560A0A200E506A00D446D3 /* Resources */ = {
			isa = PBXResourcesBuildPhase;
			buildActionMask = 2147483647;
			files = (
				93C7C7AE2014ED5500EB934C /* grass.png in Resources */,
				93560A1B200E506A00D446D3 /* Main.storyboard in Resources */,
				93560A1D200E506A00D446D3 /* Assets.xcassets in Resources */,
				9332B7B220123D54000CD010 /* platform.png in Resources */,
				93CFCD2B200F4EF000FA1D71 /* banana.png in Resources */,
				93560A20200E506A00D446D3 /* LaunchScreen.storyboard in Resources */,
			);
			runOnlyForDeploymentPostprocessing = 0;
		};
/* End PBXResourcesBuildPhase section */

/* Begin PBXSourcesBuildPhase section */
		93560A08200E506A00D446D3 /* Sources */ = {
			isa = PBXSourcesBuildPhase;
			buildActionMask = 2147483647;
			files = (
				93CFCD30200F56F800FA1D71 /* PrepareHorizontalScrolling.swift in Sources */,
				93CFCD32200F9A0A00FA1D71 /* BananaSprite.swift in Sources */,
				93C7C7AC2014ED2C00EB934C /* GrassSprite.swift in Sources */,
				93560A16200E506A00D446D3 /* GameScene.swift in Sources */,
				93CFCD2D200F568600FA1D71 /* PrepareVerticalScrolling.swift in Sources */,
				93560A28200E545800D446D3 /* ScrollView.swift in Sources */,
				93560A18200E506A00D446D3 /* GameViewController.swift in Sources */,
				93ED56EA20122C5200B608B9 /* PlatformSprite.swift in Sources */,
				93560A10200E506A00D446D3 /* AppDelegate.swift in Sources */,
			);
			runOnlyForDeploymentPostprocessing = 0;
		};
/* End PBXSourcesBuildPhase section */

/* Begin PBXVariantGroup section */
		93560A19200E506A00D446D3 /* Main.storyboard */ = {
			isa = PBXVariantGroup;
			children = (
				93560A1A200E506A00D446D3 /* Base */,
			);
			name = Main.storyboard;
			sourceTree = "<group>";
		};
		93560A1E200E506A00D446D3 /* LaunchScreen.storyboard */ = {
			isa = PBXVariantGroup;
			children = (
				93560A1F200E506A00D446D3 /* Base */,
			);
			name = LaunchScreen.storyboard;
			sourceTree = "<group>";
		};
/* End PBXVariantGroup section */

/* Begin XCBuildConfiguration section */
		93560A22200E506A00D446D3 /* Debug */ = {
			isa = XCBuildConfiguration;
			buildSettings = {
				ALWAYS_SEARCH_USER_PATHS = NO;
				CLANG_ANALYZER_NONNULL = YES;
				CLANG_ANALYZER_NUMBER_OBJECT_CONVERSION = YES_AGGRESSIVE;
				CLANG_CXX_LANGUAGE_STANDARD = "gnu++14";
				CLANG_CXX_LIBRARY = "libc++";
				CLANG_ENABLE_MODULES = YES;
				CLANG_ENABLE_OBJC_ARC = YES;
				CLANG_WARN_BLOCK_CAPTURE_AUTORELEASING = YES;
				CLANG_WARN_BOOL_CONVERSION = YES;
				CLANG_WARN_COMMA = YES;
				CLANG_WARN_CONSTANT_CONVERSION = YES;
				CLANG_WARN_DIRECT_OBJC_ISA_USAGE = YES_ERROR;
				CLANG_WARN_DOCUMENTATION_COMMENTS = YES;
				CLANG_WARN_EMPTY_BODY = YES;
				CLANG_WARN_ENUM_CONVERSION = YES;
				CLANG_WARN_INFINITE_RECURSION = YES;
				CLANG_WARN_INT_CONVERSION = YES;
				CLANG_WARN_NON_LITERAL_NULL_CONVERSION = YES;
				CLANG_WARN_OBJC_LITERAL_CONVERSION = YES;
				CLANG_WARN_OBJC_ROOT_CLASS = YES_ERROR;
				CLANG_WARN_RANGE_LOOP_ANALYSIS = YES;
				CLANG_WARN_STRICT_PROTOTYPES = YES;
				CLANG_WARN_SUSPICIOUS_MOVE = YES;
				CLANG_WARN_UNGUARDED_AVAILABILITY = YES_AGGRESSIVE;
				CLANG_WARN_UNREACHABLE_CODE = YES;
				CLANG_WARN__DUPLICATE_METHOD_MATCH = YES;
				CODE_SIGN_IDENTITY = "iPhone Developer";
				COPY_PHASE_STRIP = NO;
				DEBUG_INFORMATION_FORMAT = dwarf;
				ENABLE_STRICT_OBJC_MSGSEND = YES;
				ENABLE_TESTABILITY = YES;
				GCC_C_LANGUAGE_STANDARD = gnu11;
				GCC_DYNAMIC_NO_PIC = NO;
				GCC_NO_COMMON_BLOCKS = YES;
				GCC_OPTIMIZATION_LEVEL = 0;
				GCC_PREPROCESSOR_DEFINITIONS = (
					"DEBUG=1",
					"$(inherited)",
				);
				GCC_WARN_64_TO_32_BIT_CONVERSION = YES;
				GCC_WARN_ABOUT_RETURN_TYPE = YES_ERROR;
				GCC_WARN_UNDECLARED_SELECTOR = YES;
				GCC_WARN_UNINITIALIZED_AUTOS = YES_AGGRESSIVE;
				GCC_WARN_UNUSED_FUNCTION = YES;
				GCC_WARN_UNUSED_VARIABLE = YES;
				IPHONEOS_DEPLOYMENT_TARGET = 11.2;
				MTL_ENABLE_DEBUG_INFO = YES;
				ONLY_ACTIVE_ARCH = YES;
				SDKROOT = iphoneos;
				SWIFT_ACTIVE_COMPILATION_CONDITIONS = DEBUG;
				SWIFT_OPTIMIZATION_LEVEL = "-Onone";
			};
			name = Debug;
		};
		93560A23200E506A00D446D3 /* Release */ = {
			isa = XCBuildConfiguration;
			buildSettings = {
				ALWAYS_SEARCH_USER_PATHS = NO;
				CLANG_ANALYZER_NONNULL = YES;
				CLANG_ANALYZER_NUMBER_OBJECT_CONVERSION = YES_AGGRESSIVE;
				CLANG_CXX_LANGUAGE_STANDARD = "gnu++14";
				CLANG_CXX_LIBRARY = "libc++";
				CLANG_ENABLE_MODULES = YES;
				CLANG_ENABLE_OBJC_ARC = YES;
				CLANG_WARN_BLOCK_CAPTURE_AUTORELEASING = YES;
				CLANG_WARN_BOOL_CONVERSION = YES;
				CLANG_WARN_COMMA = YES;
				CLANG_WARN_CONSTANT_CONVERSION = YES;
				CLANG_WARN_DIRECT_OBJC_ISA_USAGE = YES_ERROR;
				CLANG_WARN_DOCUMENTATION_COMMENTS = YES;
				CLANG_WARN_EMPTY_BODY = YES;
				CLANG_WARN_ENUM_CONVERSION = YES;
				CLANG_WARN_INFINITE_RECURSION = YES;
				CLANG_WARN_INT_CONVERSION = YES;
				CLANG_WARN_NON_LITERAL_NULL_CONVERSION = YES;
				CLANG_WARN_OBJC_LITERAL_CONVERSION = YES;
				CLANG_WARN_OBJC_ROOT_CLASS = YES_ERROR;
				CLANG_WARN_RANGE_LOOP_ANALYSIS = YES;
				CLANG_WARN_STRICT_PROTOTYPES = YES;
				CLANG_WARN_SUSPICIOUS_MOVE = YES;
				CLANG_WARN_UNGUARDED_AVAILABILITY = YES_AGGRESSIVE;
				CLANG_WARN_UNREACHABLE_CODE = YES;
				CLANG_WARN__DUPLICATE_METHOD_MATCH = YES;
				CODE_SIGN_IDENTITY = "iPhone Developer";
				COPY_PHASE_STRIP = NO;
				DEBUG_INFORMATION_FORMAT = "dwarf-with-dsym";
				ENABLE_NS_ASSERTIONS = NO;
				ENABLE_STRICT_OBJC_MSGSEND = YES;
				GCC_C_LANGUAGE_STANDARD = gnu11;
				GCC_NO_COMMON_BLOCKS = YES;
				GCC_WARN_64_TO_32_BIT_CONVERSION = YES;
				GCC_WARN_ABOUT_RETURN_TYPE = YES_ERROR;
				GCC_WARN_UNDECLARED_SELECTOR = YES;
				GCC_WARN_UNINITIALIZED_AUTOS = YES_AGGRESSIVE;
				GCC_WARN_UNUSED_FUNCTION = YES;
				GCC_WARN_UNUSED_VARIABLE = YES;
				IPHONEOS_DEPLOYMENT_TARGET = 11.2;
				MTL_ENABLE_DEBUG_INFO = NO;
				SDKROOT = iphoneos;
				SWIFT_OPTIMIZATION_LEVEL = "-Owholemodule";
				VALIDATE_PRODUCT = YES;
			};
			name = Release;
		};
		93560A25200E506A00D446D3 /* Debug */ = {
			isa = XCBuildConfiguration;
			buildSettings = {
				ASSETCATALOG_COMPILER_APPICON_NAME = AppIcon;
				CODE_SIGN_STYLE = Automatic;
				INFOPLIST_FILE = FirstFlight/Info.plist;
				LD_RUNPATH_SEARCH_PATHS = "$(inherited) @executable_path/Frameworks";
				PRODUCT_BUNDLE_IDENTIFIER = com.TBE.FirstFlight;
				PRODUCT_NAME = "$(TARGET_NAME)";
				SWIFT_VERSION = 4.0;
				TARGETED_DEVICE_FAMILY = "1,2";
			};
			name = Debug;
		};
		93560A26200E506A00D446D3 /* Release */ = {
			isa = XCBuildConfiguration;
			buildSettings = {
				ASSETCATALOG_COMPILER_APPICON_NAME = AppIcon;
				CODE_SIGN_STYLE = Automatic;
				INFOPLIST_FILE = FirstFlight/Info.plist;
				LD_RUNPATH_SEARCH_PATHS = "$(inherited) @executable_path/Frameworks";
				PRODUCT_BUNDLE_IDENTIFIER = com.TBE.FirstFlight;
				PRODUCT_NAME = "$(TARGET_NAME)";
				SWIFT_VERSION = 4.0;
				TARGETED_DEVICE_FAMILY = "1,2";
			};
			name = Release;
		};
/* End XCBuildConfiguration section */

/* Begin XCConfigurationList section */
		93560A07200E506A00D446D3 /* Build configuration list for PBXProject "FirstFlight" */ = {
			isa = XCConfigurationList;
			buildConfigurations = (
				93560A22200E506A00D446D3 /* Debug */,
				93560A23200E506A00D446D3 /* Release */,
			);
			defaultConfigurationIsVisible = 0;
			defaultConfigurationName = Release;
		};
		93560A24200E506A00D446D3 /* Build configuration list for PBXNativeTarget "FirstFlight" */ = {
			isa = XCConfigurationList;
			buildConfigurations = (
				93560A25200E506A00D446D3 /* Debug */,
				93560A26200E506A00D446D3 /* Release */,
			);
			defaultConfigurationIsVisible = 0;
			defaultConfigurationName = Release;
		};
/* End XCConfigurationList section */
	};
	rootObject = 93560A04200E506A00D446D3 /* Project object */;
}
